
Microsoft Visual Studio Solution File, Format Version 12.00
# Visual Studio Version 17
VisualStudioVersion = 17.10.35013.160
MinimumVisualStudioVersion = 10.0.40219.1
Project("{8BC9CEB8-8B4A-11D0-8D11-00A0C91BC942}") = "Inheritance", "Inheritance\Inheritance.vcxproj", "{3A340DC4-0DBA-4943-B19C-8B0F6228296D}"
EndProject
Global
	GlobalSection(SolutionConfigurationPlatforms) = preSolution
		Debug|x64 = Debug|x64
		Debug|x86 = Debug|x86
		Release|x64 = Release|x64
		Release|x86 = Release|x86
	EndGlobalSection
	GlobalSection(ProjectConfigurationPlatforms) = postSolution
		{3A340DC4-0DBA-4943-B19C-8B0F6228296D}.Debug|x64.ActiveCfg = Debug|x64
		{3A340DC4-0DBA-4943-B19C-8B0F6228296D}.Debug|x64.Build.0 = Debug|x64
		{3A340DC4-0DBA-4943-B19C-8B0F6228296D}.Debug|x86.ActiveCfg = Debug|Win32
		{3A340DC4-0DBA-4943-B19C-8B0F6228296D}.Debug|x86.Build.0 = Debug|Win32
		{3A340DC4-0DBA-4943-B19C-8B0F6228296D}.Release|x64.ActiveCfg = Release|x64
		{3A340DC4-0DBA-4943-B19C-8B0F6228296D}.Release|x64.Build.0 = Release|x64
		{3A340DC4-0DBA-4943-B19C-8B0F6228296D}.Release|x86.ActiveCfg = Release|Win32
		{3A340DC4-0DBA-4943-B19C-8B0F6228296D}.Release|x86.Build.0 = Release|Win32
	EndGlobalSection
	GlobalSection(SolutionProperties) = preSolution
		HideSolutionNode = FALSE
	EndGlobalSection
	GlobalSection(ExtensibilityGlobals) = postSolution
		SolutionGuid = {C7BF6AF9-9B69-40A6-8F57-66650705B636}
	EndGlobalSection
EndGlobal
