
Microsoft Visual Studio Solution File, Format Version 12.00
# Visual Studio Version 17
VisualStudioVersion = 17.10.35013.160
MinimumVisualStudioVersion = 10.0.40219.1
Project("{8BC9CEB8-8B4A-11D0-8D11-00A0C91BC942}") = "Inheritance", "Inheritance\Inheritance.vcxproj", "{3A340DC4-0DBA-4943-B19C-8B0F6228296D}"
EndProject
Project("{8BC9CEB8-8B4A-11D0-8D11-00A0C91BC942}") = "Academy", "Academy\Academy.vcxproj", "{DF70660E-621A-4293-BA10-5B492245BB8A}"
EndProject
Project("{8BC9CEB8-8B4A-11D0-8D11-00A0C91BC942}") = "Files", "Files\Files.vcxproj", "{A8A49257-E369-42AC-9E4F-3F3778B01ECF}"
EndProject
Project("{8BC9CEB8-8B4A-11D0-8D11-00A0C91BC942}") = "AbstractBaseClass", "AbstractBaseClass\AbstractBaseClass.vcxproj", "{F3ACE284-D89C-4970-BC59-B4EA43135766}"
EndProject
Project("{8BC9CEB8-8B4A-11D0-8D11-00A0C91BC942}") = "RuneterraCardGame", "CardGame\CardGame.vcxproj", "{A9E22005-B7C1-47F4-996F-9AFECE1FB536}"
EndProject
Project("{8BC9CEB8-8B4A-11D0-8D11-00A0C91BC942}") = "FoolCardGame", "FoolCardGame\FoolCardGame.vcxproj", "{88F33BB3-88BE-4AB2-968F-6717D71327FC}"
EndProject
Project("{8BC9CEB8-8B4A-11D0-8D11-00A0C91BC942}") = "BlackJack", "BlackJack\BlackJack.vcxproj", "{F16B3AB9-351F-4AC9-8826-1691C58403CB}"
EndProject
Global
	GlobalSection(SolutionConfigurationPlatforms) = preSolution
		Debug|x64 = Debug|x64
		Debug|x86 = Debug|x86
		Release|x64 = Release|x64
		Release|x86 = Release|x86
	EndGlobalSection
	GlobalSection(ProjectConfigurationPlatforms) = postSolution
		{3A340DC4-0DBA-4943-B19C-8B0F6228296D}.Debug|x64.ActiveCfg = Debug|x64
		{3A340DC4-0DBA-4943-B19C-8B0F6228296D}.Debug|x64.Build.0 = Debug|x64
		{3A340DC4-0DBA-4943-B19C-8B0F6228296D}.Debug|x86.ActiveCfg = Debug|Win32
		{3A340DC4-0DBA-4943-B19C-8B0F6228296D}.Debug|x86.Build.0 = Debug|Win32
		{3A340DC4-0DBA-4943-B19C-8B0F6228296D}.Release|x64.ActiveCfg = Release|x64
		{3A340DC4-0DBA-4943-B19C-8B0F6228296D}.Release|x64.Build.0 = Release|x64
		{3A340DC4-0DBA-4943-B19C-8B0F6228296D}.Release|x86.ActiveCfg = Release|Win32
		{3A340DC4-0DBA-4943-B19C-8B0F6228296D}.Release|x86.Build.0 = Release|Win32
		{DF70660E-621A-4293-BA10-5B492245BB8A}.Debug|x64.ActiveCfg = Debug|x64
		{DF70660E-621A-4293-BA10-5B492245BB8A}.Debug|x64.Build.0 = Debug|x64
		{DF70660E-621A-4293-BA10-5B492245BB8A}.Debug|x86.ActiveCfg = Debug|Win32
		{DF70660E-621A-4293-BA10-5B492245BB8A}.Debug|x86.Build.0 = Debug|Win32
		{DF70660E-621A-4293-BA10-5B492245BB8A}.Release|x64.ActiveCfg = Release|x64
		{DF70660E-621A-4293-BA10-5B492245BB8A}.Release|x64.Build.0 = Release|x64
		{DF70660E-621A-4293-BA10-5B492245BB8A}.Release|x86.ActiveCfg = Release|Win32
		{DF70660E-621A-4293-BA10-5B492245BB8A}.Release|x86.Build.0 = Release|Win32
		{A8A49257-E369-42AC-9E4F-3F3778B01ECF}.Debug|x64.ActiveCfg = Debug|x64
		{A8A49257-E369-42AC-9E4F-3F3778B01ECF}.Debug|x64.Build.0 = Debug|x64
		{A8A49257-E369-42AC-9E4F-3F3778B01ECF}.Debug|x86.ActiveCfg = Debug|Win32
		{A8A49257-E369-42AC-9E4F-3F3778B01ECF}.Debug|x86.Build.0 = Debug|Win32
		{A8A49257-E369-42AC-9E4F-3F3778B01ECF}.Release|x64.ActiveCfg = Release|x64
		{A8A49257-E369-42AC-9E4F-3F3778B01ECF}.Release|x64.Build.0 = Release|x64
		{A8A49257-E369-42AC-9E4F-3F3778B01ECF}.Release|x86.ActiveCfg = Release|Win32
		{A8A49257-E369-42AC-9E4F-3F3778B01ECF}.Release|x86.Build.0 = Release|Win32
		{F3ACE284-D89C-4970-BC59-B4EA43135766}.Debug|x64.ActiveCfg = Debug|x64
		{F3ACE284-D89C-4970-BC59-B4EA43135766}.Debug|x64.Build.0 = Debug|x64
		{F3ACE284-D89C-4970-BC59-B4EA43135766}.Debug|x86.ActiveCfg = Debug|Win32
		{F3ACE284-D89C-4970-BC59-B4EA43135766}.Debug|x86.Build.0 = Debug|Win32
		{F3ACE284-D89C-4970-BC59-B4EA43135766}.Release|x64.ActiveCfg = Release|x64
		{F3ACE284-D89C-4970-BC59-B4EA43135766}.Release|x64.Build.0 = Release|x64
		{F3ACE284-D89C-4970-BC59-B4EA43135766}.Release|x86.ActiveCfg = Release|Win32
		{F3ACE284-D89C-4970-BC59-B4EA43135766}.Release|x86.Build.0 = Release|Win32
		{A9E22005-B7C1-47F4-996F-9AFECE1FB536}.Debug|x64.ActiveCfg = Debug|x64
		{A9E22005-B7C1-47F4-996F-9AFECE1FB536}.Debug|x64.Build.0 = Debug|x64
		{A9E22005-B7C1-47F4-996F-9AFECE1FB536}.Debug|x86.ActiveCfg = Debug|Win32
		{A9E22005-B7C1-47F4-996F-9AFECE1FB536}.Debug|x86.Build.0 = Debug|Win32
		{A9E22005-B7C1-47F4-996F-9AFECE1FB536}.Release|x64.ActiveCfg = Release|x64
		{A9E22005-B7C1-47F4-996F-9AFECE1FB536}.Release|x64.Build.0 = Release|x64
		{A9E22005-B7C1-47F4-996F-9AFECE1FB536}.Release|x86.ActiveCfg = Release|Win32
		{A9E22005-B7C1-47F4-996F-9AFECE1FB536}.Release|x86.Build.0 = Release|Win32
		{88F33BB3-88BE-4AB2-968F-6717D71327FC}.Debug|x64.ActiveCfg = Debug|x64
		{88F33BB3-88BE-4AB2-968F-6717D71327FC}.Debug|x64.Build.0 = Debug|x64
		{88F33BB3-88BE-4AB2-968F-6717D71327FC}.Debug|x86.ActiveCfg = Debug|Win32
		{88F33BB3-88BE-4AB2-968F-6717D71327FC}.Debug|x86.Build.0 = Debug|Win32
		{88F33BB3-88BE-4AB2-968F-6717D71327FC}.Release|x64.ActiveCfg = Release|x64
		{88F33BB3-88BE-4AB2-968F-6717D71327FC}.Release|x64.Build.0 = Release|x64
		{88F33BB3-88BE-4AB2-968F-6717D71327FC}.Release|x86.ActiveCfg = Release|Win32
		{88F33BB3-88BE-4AB2-968F-6717D71327FC}.Release|x86.Build.0 = Release|Win32
		{F16B3AB9-351F-4AC9-8826-1691C58403CB}.Debug|x64.ActiveCfg = Debug|x64
		{F16B3AB9-351F-4AC9-8826-1691C58403CB}.Debug|x64.Build.0 = Debug|x64
		{F16B3AB9-351F-4AC9-8826-1691C58403CB}.Debug|x86.ActiveCfg = Debug|Win32
		{F16B3AB9-351F-4AC9-8826-1691C58403CB}.Debug|x86.Build.0 = Debug|Win32
		{F16B3AB9-351F-4AC9-8826-1691C58403CB}.Release|x64.ActiveCfg = Release|x64
		{F16B3AB9-351F-4AC9-8826-1691C58403CB}.Release|x64.Build.0 = Release|x64
		{F16B3AB9-351F-4AC9-8826-1691C58403CB}.Release|x86.ActiveCfg = Release|Win32
		{F16B3AB9-351F-4AC9-8826-1691C58403CB}.Release|x86.Build.0 = Release|Win32
	EndGlobalSection
	GlobalSection(SolutionProperties) = preSolution
		HideSolutionNode = FALSE
	EndGlobalSection
	GlobalSection(ExtensibilityGlobals) = postSolution
		SolutionGuid = {C7BF6AF9-9B69-40A6-8F57-66650705B636}
	EndGlobalSection
EndGlobal
